
Microsoft Visual Studio Solution File, Format Version 12.00
# Visual Studio Version 17
VisualStudioVersion = 17.9.34723.18
MinimumVisualStudioVersion = 10.0.40219.1
Project("{FAE04EC0-301F-11D3-BF4B-00C04F79EFBC}") = "MessageBoardApp", "MessageBoardApp\MessageBoardApp.csproj", "{2271EB1A-5014-43FB-B018-3D593E47C468}"
EndProject
Global
	GlobalSection(SolutionConfigurationPlatforms) = preSolution
		Debug|Any CPU = Debug|Any CPU
		Release|Any CPU = Release|Any CPU
	EndGlobalSection
	GlobalSection(ProjectConfigurationPlatforms) = postSolution
		{2271EB1A-5014-43FB-B018-3D593E47C468}.Debug|Any CPU.ActiveCfg = Debug|Any CPU
		{2271EB1A-5014-43FB-B018-3D593E47C468}.Debug|Any CPU.Build.0 = Debug|Any CPU
		{2271EB1A-5014-43FB-B018-3D593E47C468}.Release|Any CPU.ActiveCfg = Release|Any CPU
		{2271EB1A-5014-43FB-B018-3D593E47C468}.Release|Any CPU.Build.0 = Release|Any CPU
	EndGlobalSection
	GlobalSection(SolutionProperties) = preSolution
		HideSolutionNode = FALSE
	EndGlobalSection
	GlobalSection(ExtensibilityGlobals) = postSolution
		SolutionGuid = {968E72C5-C191-46F1-BF56-556F6279CD1B}
	EndGlobalSection
EndGlobal
